
Microsoft Visual Studio Solution File, Format Version 12.00
# Visual Studio Version 16
VisualStudioVersion = 16.0.31321.278
MinimumVisualStudioVersion = 10.0.40219.1
Project("{FAE04EC0-301F-11D3-BF4B-00C04F79EFBC}") = "MvcCrudOperatrion", "MvcCrudOperatrion.csproj", "{B55111AA-640F-4178-B305-DF299A562EBC}"
EndProject
Global
	GlobalSection(SolutionConfigurationPlatforms) = preSolution
		Debug|Any CPU = Debug|Any CPU
		Release|Any CPU = Release|Any CPU
	EndGlobalSection
	GlobalSection(ProjectConfigurationPlatforms) = postSolution
		{B55111AA-640F-4178-B305-DF299A562EBC}.Debug|Any CPU.ActiveCfg = Debug|Any CPU
		{B55111AA-640F-4178-B305-DF299A562EBC}.Debug|Any CPU.Build.0 = Debug|Any CPU
		{B55111AA-640F-4178-B305-DF299A562EBC}.Release|Any CPU.ActiveCfg = Release|Any CPU
		{B55111AA-640F-4178-B305-DF299A562EBC}.Release|Any CPU.Build.0 = Release|Any CPU
	EndGlobalSection
	GlobalSection(SolutionProperties) = preSolution
		HideSolutionNode = FALSE
	EndGlobalSection
	GlobalSection(ExtensibilityGlobals) = postSolution
		SolutionGuid = {2EB67DC8-DBE0-4970-A7ED-3806F5A05018}
	EndGlobalSection
EndGlobal
